
Microsoft Visual Studio Solution File, Format Version 12.00
# Visual Studio Version 16
VisualStudioVersion = 16.0.31105.61
MinimumVisualStudioVersion = 10.0.40219.1
Project("{FAE04EC0-301F-11D3-BF4B-00C04F79EFBC}") = "GMA.Server", "GMA.Server\GMA.Server.csproj", "{5C9E8412-F5D7-4B2D-81E9-D8B69E1132D1}"
EndProject
Project("{FAE04EC0-301F-11D3-BF4B-00C04F79EFBC}") = "GMA.Client", "GMA.Client\GMA.Client.csproj", "{9E7646EA-9F2A-4EAF-9B68-20050923215C}"
EndProject
Project("{FAE04EC0-301F-11D3-BF4B-00C04F79EFBC}") = "GMA.Domain", "GMA.Domain\GMA.Domain.csproj", "{9BF16819-2564-41EA-B697-5A82DB391E9D}"
EndProject
Project("{FAE04EC0-301F-11D3-BF4B-00C04F79EFBC}") = "GMA.DataAccess", "GMA.DataAccess\GMA.DataAccess.csproj", "{8499BF29-1FB0-4129-94E2-17338205A855}"
EndProject
Project("{FAE04EC0-301F-11D3-BF4B-00C04F79EFBC}") = "GMA.Application", "GMA.Application\GMA.Application.csproj", "{E53ED7ED-A396-47F9-B880-ADA38ABD6D42}"
EndProject
Global
	GlobalSection(SolutionConfigurationPlatforms) = preSolution
		Debug|Any CPU = Debug|Any CPU
		Release|Any CPU = Release|Any CPU
	EndGlobalSection
	GlobalSection(ProjectConfigurationPlatforms) = postSolution
		{5C9E8412-F5D7-4B2D-81E9-D8B69E1132D1}.Debug|Any CPU.ActiveCfg = Debug|Any CPU
		{5C9E8412-F5D7-4B2D-81E9-D8B69E1132D1}.Debug|Any CPU.Build.0 = Debug|Any CPU
		{5C9E8412-F5D7-4B2D-81E9-D8B69E1132D1}.Release|Any CPU.ActiveCfg = Release|Any CPU
		{5C9E8412-F5D7-4B2D-81E9-D8B69E1132D1}.Release|Any CPU.Build.0 = Release|Any CPU
		{9E7646EA-9F2A-4EAF-9B68-20050923215C}.Debug|Any CPU.ActiveCfg = Debug|Any CPU
		{9E7646EA-9F2A-4EAF-9B68-20050923215C}.Debug|Any CPU.Build.0 = Debug|Any CPU
		{9E7646EA-9F2A-4EAF-9B68-20050923215C}.Release|Any CPU.ActiveCfg = Release|Any CPU
		{9E7646EA-9F2A-4EAF-9B68-20050923215C}.Release|Any CPU.Build.0 = Release|Any CPU
		{9BF16819-2564-41EA-B697-5A82DB391E9D}.Debug|Any CPU.ActiveCfg = Debug|Any CPU
		{9BF16819-2564-41EA-B697-5A82DB391E9D}.Debug|Any CPU.Build.0 = Debug|Any CPU
		{9BF16819-2564-41EA-B697-5A82DB391E9D}.Release|Any CPU.ActiveCfg = Release|Any CPU
		{9BF16819-2564-41EA-B697-5A82DB391E9D}.Release|Any CPU.Build.0 = Release|Any CPU
		{8499BF29-1FB0-4129-94E2-17338205A855}.Debug|Any CPU.ActiveCfg = Debug|Any CPU
		{8499BF29-1FB0-4129-94E2-17338205A855}.Debug|Any CPU.Build.0 = Debug|Any CPU
		{8499BF29-1FB0-4129-94E2-17338205A855}.Release|Any CPU.ActiveCfg = Release|Any CPU
		{8499BF29-1FB0-4129-94E2-17338205A855}.Release|Any CPU.Build.0 = Release|Any CPU
		{E53ED7ED-A396-47F9-B880-ADA38ABD6D42}.Debug|Any CPU.ActiveCfg = Debug|Any CPU
		{E53ED7ED-A396-47F9-B880-ADA38ABD6D42}.Debug|Any CPU.Build.0 = Debug|Any CPU
		{E53ED7ED-A396-47F9-B880-ADA38ABD6D42}.Release|Any CPU.ActiveCfg = Release|Any CPU
		{E53ED7ED-A396-47F9-B880-ADA38ABD6D42}.Release|Any CPU.Build.0 = Release|Any CPU
	EndGlobalSection
	GlobalSection(SolutionProperties) = preSolution
		HideSolutionNode = FALSE
	EndGlobalSection
	GlobalSection(ExtensibilityGlobals) = postSolution
		SolutionGuid = {2D9DA5A7-A7A4-4D04-B1BB-F7E776CAC8A3}
	EndGlobalSection
EndGlobal
